dependencies:
- name: percona_cluster
  repository: https://charts.eu-de-2.cloud.sap
  version: 1.0.6
- name: mariadb
  repository: https://charts.eu-de-2.cloud.sap
  version: 0.2.4
- name: memcached
  repository: https://charts.eu-de-2.cloud.sap
  version: 0.0.3
- name: mysql_metrics
  repository: https://charts.eu-de-2.cloud.sap
  version: 0.2.3
- name: rabbitmq
  repository: https://charts.eu-de-2.cloud.sap
  version: 0.1.6
- name: utils
  repository: file://../../openstack/utils
  version: 0.1.1
- name: jaeger-operator
  repository: https://charts.eu-de-2.cloud.sap
  version: 0.1.0
- name: redis
  repository: file://../../common/redis
  version: 1.0.1
digest: sha256:ba0b8a66caf9ca22a56b918457ef047dcb85cfe5a6098afc9ab5e98b07f61a7d
generated: 2020-10-20T17:32:35.039528522+05:30
